
Microsoft Visual Studio Solution File, Format Version 12.00
# Visual Studio Version 17
VisualStudioVersion = 17.9.34701.34
MinimumVisualStudioVersion = 10.0.40219.1
Project("{FAE04EC0-301F-11D3-BF4B-00C04F79EFBC}") = "ReqnrollProject1", "ReqnrollProject1.csproj", "{8F80BE9C-6C95-43AC-92A1-C0B1C9063C78}"
EndProject
Global
	GlobalSection(SolutionConfigurationPlatforms) = preSolution
		Debug|Any CPU = Debug|Any CPU
		Release|Any CPU = Release|Any CPU
	EndGlobalSection
	GlobalSection(ProjectConfigurationPlatforms) = postSolution
		{8F80BE9C-6C95-43AC-92A1-C0B1C9063C78}.Debug|Any CPU.ActiveCfg = Debug|Any CPU
		{8F80BE9C-6C95-43AC-92A1-C0B1C9063C78}.Debug|Any CPU.Build.0 = Debug|Any CPU
		{8F80BE9C-6C95-43AC-92A1-C0B1C9063C78}.Release|Any CPU.ActiveCfg = Release|Any CPU
		{8F80BE9C-6C95-43AC-92A1-C0B1C9063C78}.Release|Any CPU.Build.0 = Release|Any CPU
	EndGlobalSection
	GlobalSection(SolutionProperties) = preSolution
		HideSolutionNode = FALSE
	EndGlobalSection
	GlobalSection(ExtensibilityGlobals) = postSolution
		SolutionGuid = {3F18DBBE-96B0-4754-BA48-70B3DB369804}
	EndGlobalSection
EndGlobal
